
Microsoft Visual Studio Solution File, Format Version 12.00
# Visual Studio Version 17
VisualStudioVersion = 17.3.32819.101
MinimumVisualStudioVersion = 10.0.40219.1
Project("{9A19103F-16F7-4668-BE54-9A1E7A4F7556}") = "Flowent", "Flowent\Flowent.csproj", "{C979BC4A-FA0A-41F0-A6CA-22E3EDE97E0E}"
EndProject
Project("{9A19103F-16F7-4668-BE54-9A1E7A4F7556}") = "Flowent.Samples.Basic", "Samples\Flowent.Samples.Basic\Flowent.Samples.Basic.csproj", "{3A158F20-2B18-4C32-9857-6AC30C12D960}"
EndProject
Project("{2150E333-8FDC-42A3-9474-1A3956D46DE8}") = "Samples", "Samples", "{46B052E2-12CF-4D4C-B997-14CFCBDDB1C3}"
EndProject
Project("{2150E333-8FDC-42A3-9474-1A3956D46DE8}") = "Tests", "Tests", "{9C7A4F5E-EC92-4159-9E5C-E4E957A1896E}"
EndProject
Project("{9A19103F-16F7-4668-BE54-9A1E7A4F7556}") = "Flowent.Test.Specs", "Tests\Flowent.Test.Specs\Flowent.Test.Specs.csproj", "{1D881B22-8240-463A-8614-CF76EC210059}"
EndProject
Global
	GlobalSection(SolutionConfigurationPlatforms) = preSolution
		Debug|Any CPU = Debug|Any CPU
		Release|Any CPU = Release|Any CPU
	EndGlobalSection
	GlobalSection(ProjectConfigurationPlatforms) = postSolution
		{C979BC4A-FA0A-41F0-A6CA-22E3EDE97E0E}.Debug|Any CPU.ActiveCfg = Debug|Any CPU
		{C979BC4A-FA0A-41F0-A6CA-22E3EDE97E0E}.Debug|Any CPU.Build.0 = Debug|Any CPU
		{C979BC4A-FA0A-41F0-A6CA-22E3EDE97E0E}.Release|Any CPU.ActiveCfg = Release|Any CPU
		{C979BC4A-FA0A-41F0-A6CA-22E3EDE97E0E}.Release|Any CPU.Build.0 = Release|Any CPU
		{3A158F20-2B18-4C32-9857-6AC30C12D960}.Debug|Any CPU.ActiveCfg = Debug|Any CPU
		{3A158F20-2B18-4C32-9857-6AC30C12D960}.Debug|Any CPU.Build.0 = Debug|Any CPU
		{3A158F20-2B18-4C32-9857-6AC30C12D960}.Release|Any CPU.ActiveCfg = Release|Any CPU
		{3A158F20-2B18-4C32-9857-6AC30C12D960}.Release|Any CPU.Build.0 = Release|Any CPU
		{1D881B22-8240-463A-8614-CF76EC210059}.Debug|Any CPU.ActiveCfg = Debug|Any CPU
		{1D881B22-8240-463A-8614-CF76EC210059}.Debug|Any CPU.Build.0 = Debug|Any CPU
		{1D881B22-8240-463A-8614-CF76EC210059}.Release|Any CPU.ActiveCfg = Release|Any CPU
		{1D881B22-8240-463A-8614-CF76EC210059}.Release|Any CPU.Build.0 = Release|Any CPU
	EndGlobalSection
	GlobalSection(SolutionProperties) = preSolution
		HideSolutionNode = FALSE
	EndGlobalSection
	GlobalSection(NestedProjects) = preSolution
		{3A158F20-2B18-4C32-9857-6AC30C12D960} = {46B052E2-12CF-4D4C-B997-14CFCBDDB1C3}
		{1D881B22-8240-463A-8614-CF76EC210059} = {9C7A4F5E-EC92-4159-9E5C-E4E957A1896E}
	EndGlobalSection
	GlobalSection(ExtensibilityGlobals) = postSolution
		SolutionGuid = {D20237D0-8671-4D61-B821-90226B27B48E}
	EndGlobalSection
EndGlobal
